
Microsoft Visual Studio Solution File, Format Version 12.00
# Visual Studio 14
VisualStudioVersion = 14.0.23107.0
MinimumVisualStudioVersion = 10.0.40219.1
Project("{9092AA53-FB77-4645-B42D-1CCCA6BD08BD}") = "NodejsWebApp1", "NodejsWebApp1\NodejsWebApp1.njsproj", "{BF14E8EA-811B-42E2-AAF2-8FC22CE65DFD}"
EndProject
Global
	GlobalSection(SolutionConfigurationPlatforms) = preSolution
		Debug|Any CPU = Debug|Any CPU
		Release|Any CPU = Release|Any CPU
	EndGlobalSection
	GlobalSection(ProjectConfigurationPlatforms) = postSolution
		{BF14E8EA-811B-42E2-AAF2-8FC22CE65DFD}.Debug|Any CPU.ActiveCfg = Debug|Any CPU
		{BF14E8EA-811B-42E2-AAF2-8FC22CE65DFD}.Debug|Any CPU.Build.0 = Debug|Any CPU
		{BF14E8EA-811B-42E2-AAF2-8FC22CE65DFD}.Release|Any CPU.ActiveCfg = Release|Any CPU
		{BF14E8EA-811B-42E2-AAF2-8FC22CE65DFD}.Release|Any CPU.Build.0 = Release|Any CPU
	EndGlobalSection
	GlobalSection(SolutionProperties) = preSolution
		HideSolutionNode = FALSE
	EndGlobalSection
EndGlobal
